# Auto-generated by Alya Package Manager. DO NOT EDIT.
version = 2

[[package]]
name = "term"
version = "0.1.0"
source = "git:https://github.com/alya-lang/term?branch=main#79f7ea24666dc4e98c0c503ef44bdd1f8c8bdd2a"
entry = ".alya/packages/term/src/lib.alya"
checksum = "sha256:c23f3833714350d491d820399f2b1fc1d01ae3b6954aa45d7435fe4513c03b7e"
