# Auto-generated by Alya Package Manager. DO NOT EDIT.
version = 1

[[package]]
name = "rand"
version = "0.1.0"
source = "git:https://github.com/alya-lang/rand?branch=main#503d24236e7617c3a57b85dcb6522061400619d3"
entry = ".alya/packages/rand/src/lib.alya"
checksum = "sha256:29486ed6d69abba32cdfe2eff10449a5b7cfa80c4e3ba34691f1840c67be72bc"

[[package]]
name = "term"
version = "0.1.0"
source = "git:https://github.com/alya-lang/term?branch=main#101102fb43a234b3fbc8a1b0c57750eb8cbaa616"
entry = ".alya/packages/term/src/lib.alya"
checksum = "sha256:e9e47fdd91f5ac448c928ef513233ef04f33f591f8b1fc48453a2260aa4b18fa"
