# Auto-generated by Alya Package Manager. DO NOT EDIT.
version = 1

[[package]]
name = "rand"
version = "0.1.0"
source = "git:https://github.com/alya-lang/rand?branch=main#323e44585e01584f14c8e7d9487eb8a4a3bb9935"
entry = ".alya/packages/rand/src/lib.alya"
checksum = "sha256:8ce6dc64fa41ddb16a659d2ee5e734eec21af058bb230f377b630732cd596d20"

[[package]]
name = "term"
version = "0.1.0"
source = "git:https://github.com/alya-lang/term?branch=main#6b3cdcd6a65dc88aacef23b885d5defe6898889e"
entry = ".alya/packages/term/src/lib.alya"
checksum = "sha256:6bef57f48ff6265e534c830b9dc112c6a37c5c028793704e239213c74ffd57fe"
