# Auto-generated by Alya Package Manager. DO NOT EDIT.
version = 1

[[package]]
name = "mime"
version = "0.1.0"
source = "git:https://github.com/alya-lang/mime?branch=main#b163cb1890cbeafe03e70dcf11e49e357719209b"
entry = ".alya/packages/mime/src/lib.alya"
checksum = "sha256:24b71ec8befe5b6b22f188f9500971a88443387a384c90a00e72c7dd5b00ec9a"

[[package]]
name = "term"
version = "0.1.0"
source = "git:https://github.com/alya-lang/term?branch=main#79f7ea24666dc4e98c0c503ef44bdd1f8c8bdd2a"
entry = ".alya/packages/term/src/lib.alya"
checksum = "sha256:c23f3833714350d491d820399f2b1fc1d01ae3b6954aa45d7435fe4513c03b7e"
