# Auto-generated by Alya Package Manager. DO NOT EDIT.
version = 1

[[package]]
name = "mime"
version = "main"
source = "git:https://github.com/alya-lang/mime#main"
entry = ".alya/packages/mime/src/lib.alya"
checksum = "sha256:dca59a4bb413357ce5a8de32b539ce716f58f43fb73505ee389d92758cb10b1a"

[[package]]
name = "term"
version = "main"
source = "git:https://github.com/alya-lang/term#main"
entry = ".alya/packages/term/src/lib.alya"
checksum = "sha256:43aa65a21d5b6b6626e355a3716990006e97a278ecd5e130d3f6581484d70007"
