# Auto-generated by Alya Package Manager. DO NOT EDIT.
version = 1

[[package]]
name = "term"
version = "0.1.0"
source = "git:https://github.com/alya-lang/term?branch=main#79f7ea24666dc4e98c0c503ef44bdd1f8c8bdd2a"
entry = ".alya/packages/term/src/lib.alya"
checksum = "sha256:9a0b18732a4fda9f7f4cb76d20838ce34ab97ac621fb952f639bed020976fa9f"
