# Auto-generated by Alya Package Manager. DO NOT EDIT.
version = 1

[[package]]
name = "rand"
version = "main"
source = "git:https://github.com/alya-lang/rand#main"
entry = ".alya/packages/rand/src/lib.alya"
checksum = "sha256:8fb64db51b094e1210e335ff42ab96cec9222867a423639c6d520fa958100daa"

[[package]]
name = "term"
version = "main"
source = "git:https://github.com/alya-lang/term#main"
entry = ".alya/packages/term/src/lib.alya"
checksum = "sha256:77f85995a450165fec19bfaaaa3aaf104bda5713cdb7bb86b7d66e9486bfe0cc"
