# Auto-generated by Alya Package Manager. DO NOT EDIT.
version = 1

[[package]]
name = "rand"
version = "0.1.0"
source = "git:https://github.com/alya-lang/rand?branch=main#5cf05d8bf105e56e43a5e791ee5db44d0ebc11c1"
entry = ".alya/packages/rand/src/lib.alya"
checksum = "sha256:264a2c91f5e4382007b8c08da2f48bb9995b3e2db67e07abfcea6c3c224b4468"

[[package]]
name = "term"
version = "0.1.0"
source = "git:https://github.com/alya-lang/term?branch=main#360af3e943e35fb6f242ce49118377a859a4a0ac"
entry = ".alya/packages/term/src/lib.alya"
checksum = "sha256:c23f3833714350d491d820399f2b1fc1d01ae3b6954aa45d7435fe4513c03b7e"
