# Auto-generated by Alya Package Manager. DO NOT EDIT.
version = 1

[[package]]
name = "rand"
version = "main"
source = "git:https://github.com/alya-lang/rand#main"
entry = ".alya/packages/rand/src/lib.alya"
checksum = "sha256:8fb64db51b094e1210e335ff42ab96cec9222867a423639c6d520fa958100daa"

[[package]]
name = "term"
version = "main"
source = "git:https://github.com/alya-lang/term#main"
entry = ".alya/packages/term/src/lib.alya"
checksum = "sha256:436ba53394c4effa8071a9298f16a0bb5c23677932517f26ec3e43f2b097cb10"
