# Auto-generated by Alya Package Manager. DO NOT EDIT.
version = 1

[[package]]
name = "term"
version = "main"
source = "git:https://github.com/alya-lang/term#main"
entry = ".alya/packages/term/src/lib.alya"
checksum = "sha256:e2c92ee0158effa8297190f1df49a064f0722c647f383f6ae20de77a5dfa9841"

[[package]]
name = "url"
version = "main"
source = "git:https://github.com/alya-lang/url#main"
entry = ".alya/packages/url/src/lib.alya"
checksum = "sha256:b79e4d8d54439d31092e15c543434608378a023799a745a249210017ba935d8b"
