# Auto-generated by Alya Package Manager. DO NOT EDIT.
version = 1

[[package]]
name = "term"
version = "0.1.0"
source = "git:https://github.com/alya-lang/term?branch=main#4ad60ff535953c3d7b51005c596c0025c9f56d7b"
entry = ".alya/packages/term/src/lib.alya"
checksum = "sha256:6bef57f48ff6265e534c830b9dc112c6a37c5c028793704e239213c74ffd57fe"

[[package]]
name = "url"
version = "0.1.0"
source = "git:https://github.com/alya-lang/url?branch=main#b0952869a2bf239e2d11a0deec528488a64e31d4"
entry = ".alya/packages/url/src/lib.alya"
checksum = "sha256:e6ae0aa18d14ac8dac4426949c88c01b63264da6e4506d38f5668bd5f6b9aa5a"
