# Auto-generated by Alya Package Manager. DO NOT EDIT.
version = 1

[[package]]
name = "rand"
version = "0.1.0"
source = "git:https://github.com/alya-lang/rand?branch=main#bb1b445fb4c7029a0a2d0f68e8735713b93ee3d4"
entry = ".alya/packages/rand/src/lib.alya"
checksum = "sha256:30e0733613f29a81967341163cf04022857712638e375a84b6b911662442589b"

[[package]]
name = "term"
version = "0.1.0"
source = "git:https://github.com/alya-lang/term?branch=main#6b3cdcd6a65dc88aacef23b885d5defe6898889e"
entry = ".alya/packages/term/src/lib.alya"
checksum = "sha256:6bef57f48ff6265e534c830b9dc112c6a37c5c028793704e239213c74ffd57fe"
