# Auto-generated by Alya Package Manager. DO NOT EDIT.
version = 1

[[package]]
name = "rand"
version = "0.1.0"
source = "git:https://github.com/alya-lang/rand?branch=main#f11acddafeb2fc1cee09a7545c71256276e8cf5a"
entry = ".alya/packages/rand/src/lib.alya"
checksum = "sha256:30e0733613f29a81967341163cf04022857712638e375a84b6b911662442589b"

[[package]]
name = "term"
version = "0.1.0"
source = "git:https://github.com/alya-lang/term?branch=main#4ad60ff535953c3d7b51005c596c0025c9f56d7b"
entry = ".alya/packages/term/src/lib.alya"
checksum = "sha256:6bef57f48ff6265e534c830b9dc112c6a37c5c028793704e239213c74ffd57fe"
